{
  "name": "indexchunks",
  "version": "1.0.0",
  "lockfileVersion": 3,
  "requires": true,
  "packages": {
    "": {
      "name": "indexchunks",
      "version": "1.0.0",
      "license": "ISC",
      "dependencies": {
        "@pinecone-database/pinecone": "^6.1.1"
      }
    },
    "node_modules/@pinecone-database/pinecone": {
      "version": "6.1.1",
      "resolved": "https://registry.npmjs.org/@pinecone-database/pinecone/-/pinecone-6.1.1.tgz",
      "integrity": "sha512-wstOV6gVdShi1PMrrmmgj2md5NwoVL3SS4brOiuxlGv2m0kiYBSxkvi6cx8S4dWkA/mfi1fzwmZ2YX64K+yaMA==",
      "license": "Apache-2.0",
      "engines": {
        "node": ">=18.0.0"
      }
    }
  }
}
